
Microsoft Visual Studio Solution File, Format Version 12.00
# Visual Studio Version 17
VisualStudioVersion = 17.9.34622.214
MinimumVisualStudioVersion = 10.0.40219.1
Project("{FAE04EC0-301F-11D3-BF4B-00C04F79EFBC}") = "OpenAISentimentAnalysis", "OpenAISentimentAnalysis.csproj", "{86525DD5-8050-4F9E-9EF1-6189ACFCFDE0}"
EndProject
Global
	GlobalSection(SolutionConfigurationPlatforms) = preSolution
		Debug|Any CPU = Debug|Any CPU
		Release|Any CPU = Release|Any CPU
	EndGlobalSection
	GlobalSection(ProjectConfigurationPlatforms) = postSolution
		{86525DD5-8050-4F9E-9EF1-6189ACFCFDE0}.Debug|Any CPU.ActiveCfg = Debug|Any CPU
		{86525DD5-8050-4F9E-9EF1-6189ACFCFDE0}.Debug|Any CPU.Build.0 = Debug|Any CPU
		{86525DD5-8050-4F9E-9EF1-6189ACFCFDE0}.Release|Any CPU.ActiveCfg = Release|Any CPU
		{86525DD5-8050-4F9E-9EF1-6189ACFCFDE0}.Release|Any CPU.Build.0 = Release|Any CPU
	EndGlobalSection
	GlobalSection(SolutionProperties) = preSolution
		HideSolutionNode = FALSE
	EndGlobalSection
	GlobalSection(ExtensibilityGlobals) = postSolution
		SolutionGuid = {245760AF-C9F8-46E7-97CD-6DFFB28DA76F}
	EndGlobalSection
EndGlobal
